{
  "originHash" : "d5769d12c0b5b65dda654df0cbb42bbd4eda359a7b80d39b0bb60240f971ce19",
  "pins" : [
    {
      "identity" : "dynamicnotchkit",
      "kind" : "remoteSourceControl",
      "location" : "https://github.com/MrKai77/DynamicNotchKit",
      "state" : {
        "branch" : "main",
        "revision" : "00df0e1a0c0503084bcf5e2d15267d2c9af769f4"
      }
    }
  ],
  "version" : 3
}
